
Microsoft Visual Studio Solution File, Format Version 12.00
# Visual Studio Version 17
VisualStudioVersion = 17.9.34723.18
MinimumVisualStudioVersion = 10.0.40219.1
Project("{9A19103F-16F7-4668-BE54-9A1E7A4F7556}") = "TechChallengeContatos", "TechChallengeContatos.csproj", "{AEAD93DA-3561-45ED-9E52-FB1576B8A4D2}"
EndProject
Project("{FAE04EC0-301F-11D3-BF4B-00C04F79EFBC}") = "TechChallengeContatosTest", "..\TechChallengeContatosTest\TechChallengeContatosTest.csproj", "{C6FE9350-6459-46D5-A743-0871427D91D8}"
EndProject
Global
	GlobalSection(SolutionConfigurationPlatforms) = preSolution
		Debug|Any CPU = Debug|Any CPU
		Release|Any CPU = Release|Any CPU
	EndGlobalSection
	GlobalSection(ProjectConfigurationPlatforms) = postSolution
		{AEAD93DA-3561-45ED-9E52-FB1576B8A4D2}.Debug|Any CPU.ActiveCfg = Debug|Any CPU
		{AEAD93DA-3561-45ED-9E52-FB1576B8A4D2}.Debug|Any CPU.Build.0 = Debug|Any CPU
		{AEAD93DA-3561-45ED-9E52-FB1576B8A4D2}.Release|Any CPU.ActiveCfg = Release|Any CPU
		{AEAD93DA-3561-45ED-9E52-FB1576B8A4D2}.Release|Any CPU.Build.0 = Release|Any CPU
		{C6FE9350-6459-46D5-A743-0871427D91D8}.Debug|Any CPU.ActiveCfg = Debug|Any CPU
		{C6FE9350-6459-46D5-A743-0871427D91D8}.Debug|Any CPU.Build.0 = Debug|Any CPU
		{C6FE9350-6459-46D5-A743-0871427D91D8}.Release|Any CPU.ActiveCfg = Release|Any CPU
		{C6FE9350-6459-46D5-A743-0871427D91D8}.Release|Any CPU.Build.0 = Release|Any CPU
	EndGlobalSection
	GlobalSection(SolutionProperties) = preSolution
		HideSolutionNode = FALSE
	EndGlobalSection
	GlobalSection(ExtensibilityGlobals) = postSolution
		SolutionGuid = {DEB31E50-00C2-4E20-8C1A-A652926BFB60}
	EndGlobalSection
EndGlobal
